{
    "_readme": [
        "This file locks the dependencies of your project to a known state",
        "Read more about it at https://getcomposer.org/doc/01-basic-usage.md#installing-dependencies",
        "This file is @generated automatically"
    ],
    "content-hash": "b1f61fb9402b1972985553cc82b24f48",
    "packages": [
        {
            "name": "fzaninotto/faker",
            "version": "v1.8.0",
            "source": {
                "type": "git",
                "url": "https://github.com/fzaninotto/Faker.git",
                "reference": "f72816b43e74063c8b10357394b6bba8cb1c10de"
            },
            "dist": {
                "type": "zip",
                "url": "https://api.github.com/repos/fzaninotto/Faker/zipball/f72816b43e74063c8b10357394b6bba8cb1c10de",
                "reference": "f72816b43e74063c8b10357394b6bba8cb1c10de",
                "shasum": ""
            },
            "require": {
                "php": "^5.3.3 || ^7.0"
            },
            "require-dev": {
                "ext-intl": "*",
                "phpunit/phpunit": "^4.8.35 || ^5.7",
                "squizlabs/php_codesniffer": "^1.5"
            },
            "type": "library",
            "extra": {
                "branch-alias": {
                    "dev-master": "1.8-dev"
                }
            },
            "autoload": {
                "psr-4": {
                    "Faker\\": "src/Faker/"
                }
            },
            "notification-url": "https://packagist.org/downloads/",
            "license": [
                "MIT"
            ],
            "authors": [
                {
                    "name": "François Zaninotto"
                }
            ],
            "description": "Faker is a PHP library that generates fake data for you.",
            "keywords": [
                "data",
                "faker",
                "fixtures"
            ],
            "time": "2018-07-12T10:23:15+00:00"
        }
    ],
    "packages-dev": [
        {
            "name": "heroku/heroku-buildpack-php",
            "version": "v156",
            "source": {
                "type": "git",
                "url": "https://github.com/heroku/heroku-buildpack-php.git",
                "reference": "506b009bf2235b7579755fe43fd3c6788504e804"
            },
            "dist": {
                "type": "zip",
                "url": "https://api.github.com/repos/heroku/heroku-buildpack-php/zipball/506b009bf2235b7579755fe43fd3c6788504e804",
                "reference": "506b009bf2235b7579755fe43fd3c6788504e804",
                "shasum": ""
            },
            "bin": [
                "bin/heroku-hhvm-apache2",
                "bin/heroku-hhvm-nginx",
                "bin/heroku-php-apache2",
                "bin/heroku-php-nginx"
            ],
            "type": "library",
            "notification-url": "https://packagist.org/downloads/",
            "license": [
                "MIT"
            ],
            "authors": [
                {
                    "name": "David Zuelke",
                    "email": "dz@heroku.com"
                }
            ],
            "description": "Toolkit for starting a PHP application locally, with or without foreman, using the same config for PHP/HHVM and Apache2/Nginx as on Heroku",
            "homepage": "https://github.com/heroku/heroku-buildpack-php",
            "keywords": [
                "apache",
                "apache2",
                "foreman",
                "heroku",
                "hhvm",
                "nginx",
                "php"
            ],
            "time": "2019-05-30T21:39:21+00:00"
        }
    ],
    "aliases": [],
    "minimum-stability": "stable",
    "stability-flags": [],
    "prefer-stable": false,
    "prefer-lowest": false,
    "platform": [],
    "platform-dev": []
}
